
Microsoft Visual Studio Solution File, Format Version 12.00
# Visual Studio Version 16
VisualStudioVersion = 16.0.28803.352
MinimumVisualStudioVersion = 10.0.40219.1
Project("{9A19103F-16F7-4668-BE54-9A1E7A4F7556}") = "USPolitics.Data", "USPolitics.Data\USPolitics.Data.csproj", "{301A28CA-0CF7-4920-8E51-868D8CB1A0E2}"
EndProject
Project("{9A19103F-16F7-4668-BE54-9A1E7A4F7556}") = "USPolitics.Service", "USPolitics.Service\USPolitics.Service.csproj", "{9923FF2C-67F0-4531-BB3F-87FD7E383F33}"
EndProject
Project("{2150E333-8FDC-42A3-9474-1A3956D46DE8}") = "USPolitics.UI", "USPolitics.UI", "{F948E4F7-B04C-41CB-8479-ACDDE366F674}"
EndProject
Project("{9A19103F-16F7-4668-BE54-9A1E7A4F7556}") = "USPolitics.API", "USPolitics.API\USPolitics.API.csproj", "{342AA3BC-6C9C-4C1C-8DED-EDC8E84C03FE}"
EndProject
Project("{E24C65DC-7377-472B-9ABA-BC803B73C61A}") = "AngularClient", "USPolitics.UI\AngularClient\", "{BE0EE4CA-8F80-438A-A266-F8D2924E9D19}"
	ProjectSection(WebsiteProperties) = preProject
		TargetFrameworkMoniker = ".NETFramework,Version%3Dv4.0"
		Debug.AspNetCompiler.VirtualPath = "/localhost_62659"
		Debug.AspNetCompiler.PhysicalPath = "USPolitics.UI\AngularClient\"
		Debug.AspNetCompiler.TargetPath = "PrecompiledWeb\localhost_62659\"
		Debug.AspNetCompiler.Updateable = "true"
		Debug.AspNetCompiler.ForceOverwrite = "true"
		Debug.AspNetCompiler.FixedNames = "false"
		Debug.AspNetCompiler.Debug = "True"
		Release.AspNetCompiler.VirtualPath = "/localhost_62659"
		Release.AspNetCompiler.PhysicalPath = "USPolitics.UI\AngularClient\"
		Release.AspNetCompiler.TargetPath = "PrecompiledWeb\localhost_62659\"
		Release.AspNetCompiler.Updateable = "true"
		Release.AspNetCompiler.ForceOverwrite = "true"
		Release.AspNetCompiler.FixedNames = "false"
		Release.AspNetCompiler.Debug = "False"
		VWDPort = "62659"
		SlnRelativePath = "USPolitics.UI\AngularClient\"
	EndProjectSection
EndProject
Global
	GlobalSection(SolutionConfigurationPlatforms) = preSolution
		Debug|Any CPU = Debug|Any CPU
		Release|Any CPU = Release|Any CPU
	EndGlobalSection
	GlobalSection(ProjectConfigurationPlatforms) = postSolution
		{301A28CA-0CF7-4920-8E51-868D8CB1A0E2}.Debug|Any CPU.ActiveCfg = Debug|Any CPU
		{301A28CA-0CF7-4920-8E51-868D8CB1A0E2}.Debug|Any CPU.Build.0 = Debug|Any CPU
		{301A28CA-0CF7-4920-8E51-868D8CB1A0E2}.Release|Any CPU.ActiveCfg = Release|Any CPU
		{301A28CA-0CF7-4920-8E51-868D8CB1A0E2}.Release|Any CPU.Build.0 = Release|Any CPU
		{9923FF2C-67F0-4531-BB3F-87FD7E383F33}.Debug|Any CPU.ActiveCfg = Debug|Any CPU
		{9923FF2C-67F0-4531-BB3F-87FD7E383F33}.Debug|Any CPU.Build.0 = Debug|Any CPU
		{9923FF2C-67F0-4531-BB3F-87FD7E383F33}.Release|Any CPU.ActiveCfg = Release|Any CPU
		{9923FF2C-67F0-4531-BB3F-87FD7E383F33}.Release|Any CPU.Build.0 = Release|Any CPU
		{342AA3BC-6C9C-4C1C-8DED-EDC8E84C03FE}.Debug|Any CPU.ActiveCfg = Debug|Any CPU
		{342AA3BC-6C9C-4C1C-8DED-EDC8E84C03FE}.Debug|Any CPU.Build.0 = Debug|Any CPU
		{342AA3BC-6C9C-4C1C-8DED-EDC8E84C03FE}.Release|Any CPU.ActiveCfg = Release|Any CPU
		{342AA3BC-6C9C-4C1C-8DED-EDC8E84C03FE}.Release|Any CPU.Build.0 = Release|Any CPU
		{BE0EE4CA-8F80-438A-A266-F8D2924E9D19}.Debug|Any CPU.ActiveCfg = Debug|Any CPU
		{BE0EE4CA-8F80-438A-A266-F8D2924E9D19}.Debug|Any CPU.Build.0 = Debug|Any CPU
		{BE0EE4CA-8F80-438A-A266-F8D2924E9D19}.Release|Any CPU.ActiveCfg = Debug|Any CPU
		{BE0EE4CA-8F80-438A-A266-F8D2924E9D19}.Release|Any CPU.Build.0 = Debug|Any CPU
	EndGlobalSection
	GlobalSection(SolutionProperties) = preSolution
		HideSolutionNode = FALSE
	EndGlobalSection
	GlobalSection(NestedProjects) = preSolution
		{BE0EE4CA-8F80-438A-A266-F8D2924E9D19} = {F948E4F7-B04C-41CB-8479-ACDDE366F674}
	EndGlobalSection
	GlobalSection(ExtensibilityGlobals) = postSolution
		SolutionGuid = {A7DE31F2-CCE4-4BFB-A11D-D17C33C64FCA}
	EndGlobalSection
EndGlobal
